
Microsoft Visual Studio Solution File, Format Version 12.00
# Visual Studio 2012
Project("{FAE04EC0-301F-11D3-BF4B-00C04F79EFBC}") = "Zergatul.Ftp", "Zergatul.FTP\Zergatul.Ftp.csproj", "{EE9A0424-08F0-41DA-84E8-5C8DB3FE477B}"
EndProject
Project("{FAE04EC0-301F-11D3-BF4B-00C04F79EFBC}") = "Zergatul.Net", "Zergatul.Net\Zergatul.Net.csproj", "{41F55F8B-92E7-45DE-BD6B-46E0B2175D2A}"
EndProject
Project("{FAE04EC0-301F-11D3-BF4B-00C04F79EFBC}") = "ConsoleTest", "Test\ConsoleTest.csproj", "{3F628D78-5DC3-475C-A095-C861B8BC4C4E}"
EndProject
Project("{FAE04EC0-301F-11D3-BF4B-00C04F79EFBC}") = "Zergatul.Ftp.Tests", "Zergatul.Ftp.Tests\Zergatul.Ftp.Tests.csproj", "{1E50A861-5981-491B-A619-34CCED82C3D5}"
EndProject
Global
	GlobalSection(SolutionConfigurationPlatforms) = preSolution
		Debug|Any CPU = Debug|Any CPU
		Release|Any CPU = Release|Any CPU
	EndGlobalSection
	GlobalSection(ProjectConfigurationPlatforms) = postSolution
		{EE9A0424-08F0-41DA-84E8-5C8DB3FE477B}.Debug|Any CPU.ActiveCfg = Debug|Any CPU
		{EE9A0424-08F0-41DA-84E8-5C8DB3FE477B}.Debug|Any CPU.Build.0 = Debug|Any CPU
		{EE9A0424-08F0-41DA-84E8-5C8DB3FE477B}.Release|Any CPU.ActiveCfg = Release|Any CPU
		{EE9A0424-08F0-41DA-84E8-5C8DB3FE477B}.Release|Any CPU.Build.0 = Release|Any CPU
		{41F55F8B-92E7-45DE-BD6B-46E0B2175D2A}.Debug|Any CPU.ActiveCfg = Debug|Any CPU
		{41F55F8B-92E7-45DE-BD6B-46E0B2175D2A}.Debug|Any CPU.Build.0 = Debug|Any CPU
		{41F55F8B-92E7-45DE-BD6B-46E0B2175D2A}.Release|Any CPU.ActiveCfg = Release|Any CPU
		{41F55F8B-92E7-45DE-BD6B-46E0B2175D2A}.Release|Any CPU.Build.0 = Release|Any CPU
		{3F628D78-5DC3-475C-A095-C861B8BC4C4E}.Debug|Any CPU.ActiveCfg = Debug|Any CPU
		{3F628D78-5DC3-475C-A095-C861B8BC4C4E}.Debug|Any CPU.Build.0 = Debug|Any CPU
		{3F628D78-5DC3-475C-A095-C861B8BC4C4E}.Release|Any CPU.ActiveCfg = Release|Any CPU
		{3F628D78-5DC3-475C-A095-C861B8BC4C4E}.Release|Any CPU.Build.0 = Release|Any CPU
		{1E50A861-5981-491B-A619-34CCED82C3D5}.Debug|Any CPU.ActiveCfg = Debug|Any CPU
		{1E50A861-5981-491B-A619-34CCED82C3D5}.Debug|Any CPU.Build.0 = Debug|Any CPU
		{1E50A861-5981-491B-A619-34CCED82C3D5}.Release|Any CPU.ActiveCfg = Release|Any CPU
		{1E50A861-5981-491B-A619-34CCED82C3D5}.Release|Any CPU.Build.0 = Release|Any CPU
	EndGlobalSection
	GlobalSection(SolutionProperties) = preSolution
		HideSolutionNode = FALSE
	EndGlobalSection
EndGlobal
