
Microsoft Visual Studio Solution File, Format Version 12.00
# Visual Studio Version 16
VisualStudioVersion = 16.0.29201.188
MinimumVisualStudioVersion = 10.0.40219.1
Project("{FAE04EC0-301F-11D3-BF4B-00C04F79EFBC}") = "Zergatul.Ftp.Tests", "Zergatul.Ftp.Tests\Zergatul.Ftp.Tests.csproj", "{1E50A861-5981-491B-A619-34CCED82C3D5}"
EndProject
Project("{FAE04EC0-301F-11D3-BF4B-00C04F79EFBC}") = "ConsoleTest", "ConsoleTest\ConsoleTest.csproj", "{3F628D78-5DC3-475C-A095-C861B8BC4C4E}"
EndProject
Project("{FAE04EC0-301F-11D3-BF4B-00C04F79EFBC}") = "Zergatul.Math.Tests", "Zergatul.Math.Tests\Zergatul.Math.Tests.csproj", "{43998905-9407-4A96-8A42-CCB80543ED61}"
EndProject
Project("{FAE04EC0-301F-11D3-BF4B-00C04F79EFBC}") = "ConsoleTest2", "ConsoleTest2\ConsoleTest2.csproj", "{2A68B138-A1C7-478C-AA2C-18D117569DDA}"
EndProject
Project("{FAE04EC0-301F-11D3-BF4B-00C04F79EFBC}") = "Zergatul.Cryptography.Tests", "Zergatul.Cryptography.Tests\Zergatul.Cryptography.Tests.csproj", "{E37E0EFB-9B60-4523-9122-A89071EC52AD}"
EndProject
Project("{FAE04EC0-301F-11D3-BF4B-00C04F79EFBC}") = "Zergatul.Tests", "Zergatul.Tests\Zergatul.Tests.csproj", "{74762E1C-9C03-4EAB-BD9E-2785A6974FA1}"
EndProject
Project("{FAE04EC0-301F-11D3-BF4B-00C04F79EFBC}") = "Zergatul.Tls.Tests", "Zergatul.Tls.Tests\Zergatul.Tls.Tests.csproj", "{7CBC9035-8A2D-4CEE-855A-256B9D139077}"
EndProject
Project("{FAE04EC0-301F-11D3-BF4B-00C04F79EFBC}") = "Zergatul.Network.ASN1.Tests", "Zergatul.Network.ASN1.Tests\Zergatul.Network.ASN1.Tests.csproj", "{601D5917-686A-4313-9DFE-F0C82B0CA0BE}"
EndProject
Project("{FAE04EC0-301F-11D3-BF4B-00C04F79EFBC}") = "Zergatul.Cryptocurrency", "Zergatul.Cryptocurrency\Zergatul.Cryptocurrency.csproj", "{6CB93460-A3CD-4985-8CDD-7FF4CA26B7DD}"
EndProject
Project("{FAE04EC0-301F-11D3-BF4B-00C04F79EFBC}") = "Zergatul.Cryptocurrency.Tests", "Zergatul.Cryptocurrency.Tests\Zergatul.Cryptocurrency.Tests.csproj", "{710FB74D-151A-4576-B358-E1AB7C2C669D}"
EndProject
Project("{2150E333-8FDC-42A3-9474-1A3956D46DE8}") = "Tests", "Tests", "{FAFE9EE8-02C4-4DAD-B638-7B5235B015EB}"
EndProject
Project("{FAE04EC0-301F-11D3-BF4B-00C04F79EFBC}") = "Zergatul.Security.Tests", "Zergatul.Security.Tests\Zergatul.Security.Tests.csproj", "{A6A93DED-7BB6-4D84-84C9-1EEEB7CA8F33}"
EndProject
Project("{FAE04EC0-301F-11D3-BF4B-00C04F79EFBC}") = "Zergatul.Network.Tests", "Zergatul.Network.Tests\Zergatul.Network.Tests.csproj", "{7CB1A7F5-FE03-4FBC-A5FB-B0CD0055AA75}"
EndProject
Project("{FAE04EC0-301F-11D3-BF4B-00C04F79EFBC}") = "Zergatul.Security.OpenSsl", "Zergatul.Security.OpenSsl\Zergatul.Security.OpenSsl.csproj", "{CD0B67E1-DDC3-4DB6-950A-704A60998B63}"
EndProject
Project("{9A19103F-16F7-4668-BE54-9A1E7A4F7556}") = "Zergatul", "Zergatul\Zergatul.csproj", "{BD067870-0336-4F17-A5E1-B13CE4725E5F}"
EndProject
Project("{9A19103F-16F7-4668-BE54-9A1E7A4F7556}") = "Zergatul.Security.Zergatul", "Zergatul.Security.Zergatul\Zergatul.Security.Zergatul.csproj", "{68FBAC9E-891F-4994-A2AF-6E3CEAB17F49}"
EndProject
Project("{FAE04EC0-301F-11D3-BF4B-00C04F79EFBC}") = "Zergatul.Test.Common", "Tests\Zergatul.Test.Common\Zergatul.Test.Common.csproj", "{63CD5923-7F2C-43AA-809B-5EFC2AE3D256}"
EndProject
Project("{9A19103F-16F7-4668-BE54-9A1E7A4F7556}") = "Zergatul.FileFormat.Pdf", "Zergatul.FileFormat.Pdf\Zergatul.FileFormat.Pdf.csproj", "{9687230E-3CCE-4701-B929-3DB2E18A5A3A}"
EndProject
Project("{FAE04EC0-301F-11D3-BF4B-00C04F79EFBC}") = "Zergatul.Cryptocurrency.Wallets", "Zergatul.Cryptocurrency.Wallets\Zergatul.Cryptocurrency.Wallets.csproj", "{8FC54785-A2E3-4D99-9C6B-401A950E7950}"
EndProject
Global
	GlobalSection(SolutionConfigurationPlatforms) = preSolution
		Debug|Any CPU = Debug|Any CPU
		Debug|x64 = Debug|x64
		Debug|x86 = Debug|x86
		Release|Any CPU = Release|Any CPU
		Release|x64 = Release|x64
		Release|x86 = Release|x86
	EndGlobalSection
	GlobalSection(ProjectConfigurationPlatforms) = postSolution
		{1E50A861-5981-491B-A619-34CCED82C3D5}.Debug|Any CPU.ActiveCfg = Debug|Any CPU
		{1E50A861-5981-491B-A619-34CCED82C3D5}.Debug|Any CPU.Build.0 = Debug|Any CPU
		{1E50A861-5981-491B-A619-34CCED82C3D5}.Debug|x64.ActiveCfg = Debug|Any CPU
		{1E50A861-5981-491B-A619-34CCED82C3D5}.Debug|x64.Build.0 = Debug|Any CPU
		{1E50A861-5981-491B-A619-34CCED82C3D5}.Debug|x86.ActiveCfg = Debug|Any CPU
		{1E50A861-5981-491B-A619-34CCED82C3D5}.Debug|x86.Build.0 = Debug|Any CPU
		{1E50A861-5981-491B-A619-34CCED82C3D5}.Release|Any CPU.ActiveCfg = Release|Any CPU
		{1E50A861-5981-491B-A619-34CCED82C3D5}.Release|Any CPU.Build.0 = Release|Any CPU
		{1E50A861-5981-491B-A619-34CCED82C3D5}.Release|x64.ActiveCfg = Release|Any CPU
		{1E50A861-5981-491B-A619-34CCED82C3D5}.Release|x64.Build.0 = Release|Any CPU
		{1E50A861-5981-491B-A619-34CCED82C3D5}.Release|x86.ActiveCfg = Release|Any CPU
		{1E50A861-5981-491B-A619-34CCED82C3D5}.Release|x86.Build.0 = Release|Any CPU
		{3F628D78-5DC3-475C-A095-C861B8BC4C4E}.Debug|Any CPU.ActiveCfg = Debug|Any CPU
		{3F628D78-5DC3-475C-A095-C861B8BC4C4E}.Debug|Any CPU.Build.0 = Debug|Any CPU
		{3F628D78-5DC3-475C-A095-C861B8BC4C4E}.Debug|x64.ActiveCfg = Debug|Any CPU
		{3F628D78-5DC3-475C-A095-C861B8BC4C4E}.Debug|x64.Build.0 = Debug|Any CPU
		{3F628D78-5DC3-475C-A095-C861B8BC4C4E}.Debug|x86.ActiveCfg = Debug|Any CPU
		{3F628D78-5DC3-475C-A095-C861B8BC4C4E}.Debug|x86.Build.0 = Debug|Any CPU
		{3F628D78-5DC3-475C-A095-C861B8BC4C4E}.Release|Any CPU.ActiveCfg = Release|Any CPU
		{3F628D78-5DC3-475C-A095-C861B8BC4C4E}.Release|Any CPU.Build.0 = Release|Any CPU
		{3F628D78-5DC3-475C-A095-C861B8BC4C4E}.Release|x64.ActiveCfg = Release|Any CPU
		{3F628D78-5DC3-475C-A095-C861B8BC4C4E}.Release|x64.Build.0 = Release|Any CPU
		{3F628D78-5DC3-475C-A095-C861B8BC4C4E}.Release|x86.ActiveCfg = Release|Any CPU
		{3F628D78-5DC3-475C-A095-C861B8BC4C4E}.Release|x86.Build.0 = Release|Any CPU
		{43998905-9407-4A96-8A42-CCB80543ED61}.Debug|Any CPU.ActiveCfg = Debug|Any CPU
		{43998905-9407-4A96-8A42-CCB80543ED61}.Debug|Any CPU.Build.0 = Debug|Any CPU
		{43998905-9407-4A96-8A42-CCB80543ED61}.Debug|x64.ActiveCfg = Debug|Any CPU
		{43998905-9407-4A96-8A42-CCB80543ED61}.Debug|x64.Build.0 = Debug|Any CPU
		{43998905-9407-4A96-8A42-CCB80543ED61}.Debug|x86.ActiveCfg = Debug|Any CPU
		{43998905-9407-4A96-8A42-CCB80543ED61}.Debug|x86.Build.0 = Debug|Any CPU
		{43998905-9407-4A96-8A42-CCB80543ED61}.Release|Any CPU.ActiveCfg = Release|Any CPU
		{43998905-9407-4A96-8A42-CCB80543ED61}.Release|Any CPU.Build.0 = Release|Any CPU
		{43998905-9407-4A96-8A42-CCB80543ED61}.Release|x64.ActiveCfg = Release|Any CPU
		{43998905-9407-4A96-8A42-CCB80543ED61}.Release|x64.Build.0 = Release|Any CPU
		{43998905-9407-4A96-8A42-CCB80543ED61}.Release|x86.ActiveCfg = Release|Any CPU
		{43998905-9407-4A96-8A42-CCB80543ED61}.Release|x86.Build.0 = Release|Any CPU
		{2A68B138-A1C7-478C-AA2C-18D117569DDA}.Debug|Any CPU.ActiveCfg = Debug|Any CPU
		{2A68B138-A1C7-478C-AA2C-18D117569DDA}.Debug|Any CPU.Build.0 = Debug|Any CPU
		{2A68B138-A1C7-478C-AA2C-18D117569DDA}.Debug|x64.ActiveCfg = Debug|Any CPU
		{2A68B138-A1C7-478C-AA2C-18D117569DDA}.Debug|x64.Build.0 = Debug|Any CPU
		{2A68B138-A1C7-478C-AA2C-18D117569DDA}.Debug|x86.ActiveCfg = Debug|Any CPU
		{2A68B138-A1C7-478C-AA2C-18D117569DDA}.Debug|x86.Build.0 = Debug|Any CPU
		{2A68B138-A1C7-478C-AA2C-18D117569DDA}.Release|Any CPU.ActiveCfg = Release|Any CPU
		{2A68B138-A1C7-478C-AA2C-18D117569DDA}.Release|Any CPU.Build.0 = Release|Any CPU
		{2A68B138-A1C7-478C-AA2C-18D117569DDA}.Release|x64.ActiveCfg = Release|Any CPU
		{2A68B138-A1C7-478C-AA2C-18D117569DDA}.Release|x64.Build.0 = Release|Any CPU
		{2A68B138-A1C7-478C-AA2C-18D117569DDA}.Release|x86.ActiveCfg = Release|Any CPU
		{2A68B138-A1C7-478C-AA2C-18D117569DDA}.Release|x86.Build.0 = Release|Any CPU
		{E37E0EFB-9B60-4523-9122-A89071EC52AD}.Debug|Any CPU.ActiveCfg = Debug|Any CPU
		{E37E0EFB-9B60-4523-9122-A89071EC52AD}.Debug|Any CPU.Build.0 = Debug|Any CPU
		{E37E0EFB-9B60-4523-9122-A89071EC52AD}.Debug|x64.ActiveCfg = Debug|Any CPU
		{E37E0EFB-9B60-4523-9122-A89071EC52AD}.Debug|x64.Build.0 = Debug|Any CPU
		{E37E0EFB-9B60-4523-9122-A89071EC52AD}.Debug|x86.ActiveCfg = Debug|Any CPU
		{E37E0EFB-9B60-4523-9122-A89071EC52AD}.Debug|x86.Build.0 = Debug|Any CPU
		{E37E0EFB-9B60-4523-9122-A89071EC52AD}.Release|Any CPU.ActiveCfg = Release|Any CPU
		{E37E0EFB-9B60-4523-9122-A89071EC52AD}.Release|Any CPU.Build.0 = Release|Any CPU
		{E37E0EFB-9B60-4523-9122-A89071EC52AD}.Release|x64.ActiveCfg = Release|Any CPU
		{E37E0EFB-9B60-4523-9122-A89071EC52AD}.Release|x64.Build.0 = Release|Any CPU
		{E37E0EFB-9B60-4523-9122-A89071EC52AD}.Release|x86.ActiveCfg = Release|Any CPU
		{E37E0EFB-9B60-4523-9122-A89071EC52AD}.Release|x86.Build.0 = Release|Any CPU
		{74762E1C-9C03-4EAB-BD9E-2785A6974FA1}.Debug|Any CPU.ActiveCfg = Debug|Any CPU
		{74762E1C-9C03-4EAB-BD9E-2785A6974FA1}.Debug|Any CPU.Build.0 = Debug|Any CPU
		{74762E1C-9C03-4EAB-BD9E-2785A6974FA1}.Debug|x64.ActiveCfg = Debug|Any CPU
		{74762E1C-9C03-4EAB-BD9E-2785A6974FA1}.Debug|x64.Build.0 = Debug|Any CPU
		{74762E1C-9C03-4EAB-BD9E-2785A6974FA1}.Debug|x86.ActiveCfg = Debug|Any CPU
		{74762E1C-9C03-4EAB-BD9E-2785A6974FA1}.Debug|x86.Build.0 = Debug|Any CPU
		{74762E1C-9C03-4EAB-BD9E-2785A6974FA1}.Release|Any CPU.ActiveCfg = Release|Any CPU
		{74762E1C-9C03-4EAB-BD9E-2785A6974FA1}.Release|Any CPU.Build.0 = Release|Any CPU
		{74762E1C-9C03-4EAB-BD9E-2785A6974FA1}.Release|x64.ActiveCfg = Release|Any CPU
		{74762E1C-9C03-4EAB-BD9E-2785A6974FA1}.Release|x64.Build.0 = Release|Any CPU
		{74762E1C-9C03-4EAB-BD9E-2785A6974FA1}.Release|x86.ActiveCfg = Release|Any CPU
		{74762E1C-9C03-4EAB-BD9E-2785A6974FA1}.Release|x86.Build.0 = Release|Any CPU
		{7CBC9035-8A2D-4CEE-855A-256B9D139077}.Debug|Any CPU.ActiveCfg = Debug|Any CPU
		{7CBC9035-8A2D-4CEE-855A-256B9D139077}.Debug|Any CPU.Build.0 = Debug|Any CPU
		{7CBC9035-8A2D-4CEE-855A-256B9D139077}.Debug|x64.ActiveCfg = Debug|Any CPU
		{7CBC9035-8A2D-4CEE-855A-256B9D139077}.Debug|x64.Build.0 = Debug|Any CPU
		{7CBC9035-8A2D-4CEE-855A-256B9D139077}.Debug|x86.ActiveCfg = Debug|Any CPU
		{7CBC9035-8A2D-4CEE-855A-256B9D139077}.Debug|x86.Build.0 = Debug|Any CPU
		{7CBC9035-8A2D-4CEE-855A-256B9D139077}.Release|Any CPU.ActiveCfg = Release|Any CPU
		{7CBC9035-8A2D-4CEE-855A-256B9D139077}.Release|Any CPU.Build.0 = Release|Any CPU
		{7CBC9035-8A2D-4CEE-855A-256B9D139077}.Release|x64.ActiveCfg = Release|Any CPU
		{7CBC9035-8A2D-4CEE-855A-256B9D139077}.Release|x64.Build.0 = Release|Any CPU
		{7CBC9035-8A2D-4CEE-855A-256B9D139077}.Release|x86.ActiveCfg = Release|Any CPU
		{7CBC9035-8A2D-4CEE-855A-256B9D139077}.Release|x86.Build.0 = Release|Any CPU
		{601D5917-686A-4313-9DFE-F0C82B0CA0BE}.Debug|Any CPU.ActiveCfg = Debug|Any CPU
		{601D5917-686A-4313-9DFE-F0C82B0CA0BE}.Debug|Any CPU.Build.0 = Debug|Any CPU
		{601D5917-686A-4313-9DFE-F0C82B0CA0BE}.Debug|x64.ActiveCfg = Debug|Any CPU
		{601D5917-686A-4313-9DFE-F0C82B0CA0BE}.Debug|x64.Build.0 = Debug|Any CPU
		{601D5917-686A-4313-9DFE-F0C82B0CA0BE}.Debug|x86.ActiveCfg = Debug|Any CPU
		{601D5917-686A-4313-9DFE-F0C82B0CA0BE}.Debug|x86.Build.0 = Debug|Any CPU
		{601D5917-686A-4313-9DFE-F0C82B0CA0BE}.Release|Any CPU.ActiveCfg = Release|Any CPU
		{601D5917-686A-4313-9DFE-F0C82B0CA0BE}.Release|Any CPU.Build.0 = Release|Any CPU
		{601D5917-686A-4313-9DFE-F0C82B0CA0BE}.Release|x64.ActiveCfg = Release|Any CPU
		{601D5917-686A-4313-9DFE-F0C82B0CA0BE}.Release|x64.Build.0 = Release|Any CPU
		{601D5917-686A-4313-9DFE-F0C82B0CA0BE}.Release|x86.ActiveCfg = Release|Any CPU
		{601D5917-686A-4313-9DFE-F0C82B0CA0BE}.Release|x86.Build.0 = Release|Any CPU
		{6CB93460-A3CD-4985-8CDD-7FF4CA26B7DD}.Debug|Any CPU.ActiveCfg = Debug|Any CPU
		{6CB93460-A3CD-4985-8CDD-7FF4CA26B7DD}.Debug|Any CPU.Build.0 = Debug|Any CPU
		{6CB93460-A3CD-4985-8CDD-7FF4CA26B7DD}.Debug|x64.ActiveCfg = Debug|Any CPU
		{6CB93460-A3CD-4985-8CDD-7FF4CA26B7DD}.Debug|x64.Build.0 = Debug|Any CPU
		{6CB93460-A3CD-4985-8CDD-7FF4CA26B7DD}.Debug|x86.ActiveCfg = Debug|Any CPU
		{6CB93460-A3CD-4985-8CDD-7FF4CA26B7DD}.Debug|x86.Build.0 = Debug|Any CPU
		{6CB93460-A3CD-4985-8CDD-7FF4CA26B7DD}.Release|Any CPU.ActiveCfg = Release|Any CPU
		{6CB93460-A3CD-4985-8CDD-7FF4CA26B7DD}.Release|Any CPU.Build.0 = Release|Any CPU
		{6CB93460-A3CD-4985-8CDD-7FF4CA26B7DD}.Release|x64.ActiveCfg = Release|Any CPU
		{6CB93460-A3CD-4985-8CDD-7FF4CA26B7DD}.Release|x64.Build.0 = Release|Any CPU
		{6CB93460-A3CD-4985-8CDD-7FF4CA26B7DD}.Release|x86.ActiveCfg = Release|Any CPU
		{6CB93460-A3CD-4985-8CDD-7FF4CA26B7DD}.Release|x86.Build.0 = Release|Any CPU
		{710FB74D-151A-4576-B358-E1AB7C2C669D}.Debug|Any CPU.ActiveCfg = Debug|Any CPU
		{710FB74D-151A-4576-B358-E1AB7C2C669D}.Debug|Any CPU.Build.0 = Debug|Any CPU
		{710FB74D-151A-4576-B358-E1AB7C2C669D}.Debug|x64.ActiveCfg = Debug|Any CPU
		{710FB74D-151A-4576-B358-E1AB7C2C669D}.Debug|x64.Build.0 = Debug|Any CPU
		{710FB74D-151A-4576-B358-E1AB7C2C669D}.Debug|x86.ActiveCfg = Debug|Any CPU
		{710FB74D-151A-4576-B358-E1AB7C2C669D}.Debug|x86.Build.0 = Debug|Any CPU
		{710FB74D-151A-4576-B358-E1AB7C2C669D}.Release|Any CPU.ActiveCfg = Release|Any CPU
		{710FB74D-151A-4576-B358-E1AB7C2C669D}.Release|Any CPU.Build.0 = Release|Any CPU
		{710FB74D-151A-4576-B358-E1AB7C2C669D}.Release|x64.ActiveCfg = Release|Any CPU
		{710FB74D-151A-4576-B358-E1AB7C2C669D}.Release|x64.Build.0 = Release|Any CPU
		{710FB74D-151A-4576-B358-E1AB7C2C669D}.Release|x86.ActiveCfg = Release|Any CPU
		{710FB74D-151A-4576-B358-E1AB7C2C669D}.Release|x86.Build.0 = Release|Any CPU
		{A6A93DED-7BB6-4D84-84C9-1EEEB7CA8F33}.Debug|Any CPU.ActiveCfg = Debug|Any CPU
		{A6A93DED-7BB6-4D84-84C9-1EEEB7CA8F33}.Debug|Any CPU.Build.0 = Debug|Any CPU
		{A6A93DED-7BB6-4D84-84C9-1EEEB7CA8F33}.Debug|x64.ActiveCfg = Debug|Any CPU
		{A6A93DED-7BB6-4D84-84C9-1EEEB7CA8F33}.Debug|x64.Build.0 = Debug|Any CPU
		{A6A93DED-7BB6-4D84-84C9-1EEEB7CA8F33}.Debug|x86.ActiveCfg = Debug|Any CPU
		{A6A93DED-7BB6-4D84-84C9-1EEEB7CA8F33}.Debug|x86.Build.0 = Debug|Any CPU
		{A6A93DED-7BB6-4D84-84C9-1EEEB7CA8F33}.Release|Any CPU.ActiveCfg = Release|Any CPU
		{A6A93DED-7BB6-4D84-84C9-1EEEB7CA8F33}.Release|Any CPU.Build.0 = Release|Any CPU
		{A6A93DED-7BB6-4D84-84C9-1EEEB7CA8F33}.Release|x64.ActiveCfg = Release|Any CPU
		{A6A93DED-7BB6-4D84-84C9-1EEEB7CA8F33}.Release|x64.Build.0 = Release|Any CPU
		{A6A93DED-7BB6-4D84-84C9-1EEEB7CA8F33}.Release|x86.ActiveCfg = Release|Any CPU
		{A6A93DED-7BB6-4D84-84C9-1EEEB7CA8F33}.Release|x86.Build.0 = Release|Any CPU
		{7CB1A7F5-FE03-4FBC-A5FB-B0CD0055AA75}.Debug|Any CPU.ActiveCfg = Debug|Any CPU
		{7CB1A7F5-FE03-4FBC-A5FB-B0CD0055AA75}.Debug|Any CPU.Build.0 = Debug|Any CPU
		{7CB1A7F5-FE03-4FBC-A5FB-B0CD0055AA75}.Debug|x64.ActiveCfg = Debug|Any CPU
		{7CB1A7F5-FE03-4FBC-A5FB-B0CD0055AA75}.Debug|x64.Build.0 = Debug|Any CPU
		{7CB1A7F5-FE03-4FBC-A5FB-B0CD0055AA75}.Debug|x86.ActiveCfg = Debug|Any CPU
		{7CB1A7F5-FE03-4FBC-A5FB-B0CD0055AA75}.Debug|x86.Build.0 = Debug|Any CPU
		{7CB1A7F5-FE03-4FBC-A5FB-B0CD0055AA75}.Release|Any CPU.ActiveCfg = Release|Any CPU
		{7CB1A7F5-FE03-4FBC-A5FB-B0CD0055AA75}.Release|Any CPU.Build.0 = Release|Any CPU
		{7CB1A7F5-FE03-4FBC-A5FB-B0CD0055AA75}.Release|x64.ActiveCfg = Release|Any CPU
		{7CB1A7F5-FE03-4FBC-A5FB-B0CD0055AA75}.Release|x64.Build.0 = Release|Any CPU
		{7CB1A7F5-FE03-4FBC-A5FB-B0CD0055AA75}.Release|x86.ActiveCfg = Release|Any CPU
		{7CB1A7F5-FE03-4FBC-A5FB-B0CD0055AA75}.Release|x86.Build.0 = Release|Any CPU
		{CD0B67E1-DDC3-4DB6-950A-704A60998B63}.Debug|Any CPU.ActiveCfg = Debug|Any CPU
		{CD0B67E1-DDC3-4DB6-950A-704A60998B63}.Debug|Any CPU.Build.0 = Debug|Any CPU
		{CD0B67E1-DDC3-4DB6-950A-704A60998B63}.Debug|x64.ActiveCfg = Debug|Any CPU
		{CD0B67E1-DDC3-4DB6-950A-704A60998B63}.Debug|x64.Build.0 = Debug|Any CPU
		{CD0B67E1-DDC3-4DB6-950A-704A60998B63}.Debug|x86.ActiveCfg = Debug|Any CPU
		{CD0B67E1-DDC3-4DB6-950A-704A60998B63}.Debug|x86.Build.0 = Debug|Any CPU
		{CD0B67E1-DDC3-4DB6-950A-704A60998B63}.Release|Any CPU.ActiveCfg = Release|Any CPU
		{CD0B67E1-DDC3-4DB6-950A-704A60998B63}.Release|Any CPU.Build.0 = Release|Any CPU
		{CD0B67E1-DDC3-4DB6-950A-704A60998B63}.Release|x64.ActiveCfg = Release|Any CPU
		{CD0B67E1-DDC3-4DB6-950A-704A60998B63}.Release|x64.Build.0 = Release|Any CPU
		{CD0B67E1-DDC3-4DB6-950A-704A60998B63}.Release|x86.ActiveCfg = Release|Any CPU
		{CD0B67E1-DDC3-4DB6-950A-704A60998B63}.Release|x86.Build.0 = Release|Any CPU
		{BD067870-0336-4F17-A5E1-B13CE4725E5F}.Debug|Any CPU.ActiveCfg = Debug|Any CPU
		{BD067870-0336-4F17-A5E1-B13CE4725E5F}.Debug|Any CPU.Build.0 = Debug|Any CPU
		{BD067870-0336-4F17-A5E1-B13CE4725E5F}.Debug|x64.ActiveCfg = Debug|Any CPU
		{BD067870-0336-4F17-A5E1-B13CE4725E5F}.Debug|x64.Build.0 = Debug|Any CPU
		{BD067870-0336-4F17-A5E1-B13CE4725E5F}.Debug|x86.ActiveCfg = Debug|Any CPU
		{BD067870-0336-4F17-A5E1-B13CE4725E5F}.Debug|x86.Build.0 = Debug|Any CPU
		{BD067870-0336-4F17-A5E1-B13CE4725E5F}.Release|Any CPU.ActiveCfg = Release|Any CPU
		{BD067870-0336-4F17-A5E1-B13CE4725E5F}.Release|Any CPU.Build.0 = Release|Any CPU
		{BD067870-0336-4F17-A5E1-B13CE4725E5F}.Release|x64.ActiveCfg = Release|Any CPU
		{BD067870-0336-4F17-A5E1-B13CE4725E5F}.Release|x64.Build.0 = Release|Any CPU
		{BD067870-0336-4F17-A5E1-B13CE4725E5F}.Release|x86.ActiveCfg = Release|Any CPU
		{BD067870-0336-4F17-A5E1-B13CE4725E5F}.Release|x86.Build.0 = Release|Any CPU
		{68FBAC9E-891F-4994-A2AF-6E3CEAB17F49}.Debug|Any CPU.ActiveCfg = Debug|Any CPU
		{68FBAC9E-891F-4994-A2AF-6E3CEAB17F49}.Debug|Any CPU.Build.0 = Debug|Any CPU
		{68FBAC9E-891F-4994-A2AF-6E3CEAB17F49}.Debug|x64.ActiveCfg = Debug|Any CPU
		{68FBAC9E-891F-4994-A2AF-6E3CEAB17F49}.Debug|x64.Build.0 = Debug|Any CPU
		{68FBAC9E-891F-4994-A2AF-6E3CEAB17F49}.Debug|x86.ActiveCfg = Debug|Any CPU
		{68FBAC9E-891F-4994-A2AF-6E3CEAB17F49}.Debug|x86.Build.0 = Debug|Any CPU
		{68FBAC9E-891F-4994-A2AF-6E3CEAB17F49}.Release|Any CPU.ActiveCfg = Release|Any CPU
		{68FBAC9E-891F-4994-A2AF-6E3CEAB17F49}.Release|Any CPU.Build.0 = Release|Any CPU
		{68FBAC9E-891F-4994-A2AF-6E3CEAB17F49}.Release|x64.ActiveCfg = Release|Any CPU
		{68FBAC9E-891F-4994-A2AF-6E3CEAB17F49}.Release|x64.Build.0 = Release|Any CPU
		{68FBAC9E-891F-4994-A2AF-6E3CEAB17F49}.Release|x86.ActiveCfg = Release|Any CPU
		{68FBAC9E-891F-4994-A2AF-6E3CEAB17F49}.Release|x86.Build.0 = Release|Any CPU
		{63CD5923-7F2C-43AA-809B-5EFC2AE3D256}.Debug|Any CPU.ActiveCfg = Debug|Any CPU
		{63CD5923-7F2C-43AA-809B-5EFC2AE3D256}.Debug|Any CPU.Build.0 = Debug|Any CPU
		{63CD5923-7F2C-43AA-809B-5EFC2AE3D256}.Debug|x64.ActiveCfg = Debug|Any CPU
		{63CD5923-7F2C-43AA-809B-5EFC2AE3D256}.Debug|x64.Build.0 = Debug|Any CPU
		{63CD5923-7F2C-43AA-809B-5EFC2AE3D256}.Debug|x86.ActiveCfg = Debug|Any CPU
		{63CD5923-7F2C-43AA-809B-5EFC2AE3D256}.Debug|x86.Build.0 = Debug|Any CPU
		{63CD5923-7F2C-43AA-809B-5EFC2AE3D256}.Release|Any CPU.ActiveCfg = Release|Any CPU
		{63CD5923-7F2C-43AA-809B-5EFC2AE3D256}.Release|Any CPU.Build.0 = Release|Any CPU
		{63CD5923-7F2C-43AA-809B-5EFC2AE3D256}.Release|x64.ActiveCfg = Release|Any CPU
		{63CD5923-7F2C-43AA-809B-5EFC2AE3D256}.Release|x64.Build.0 = Release|Any CPU
		{63CD5923-7F2C-43AA-809B-5EFC2AE3D256}.Release|x86.ActiveCfg = Release|Any CPU
		{63CD5923-7F2C-43AA-809B-5EFC2AE3D256}.Release|x86.Build.0 = Release|Any CPU
		{9687230E-3CCE-4701-B929-3DB2E18A5A3A}.Debug|Any CPU.ActiveCfg = Debug|Any CPU
		{9687230E-3CCE-4701-B929-3DB2E18A5A3A}.Debug|Any CPU.Build.0 = Debug|Any CPU
		{9687230E-3CCE-4701-B929-3DB2E18A5A3A}.Debug|x64.ActiveCfg = Debug|Any CPU
		{9687230E-3CCE-4701-B929-3DB2E18A5A3A}.Debug|x64.Build.0 = Debug|Any CPU
		{9687230E-3CCE-4701-B929-3DB2E18A5A3A}.Debug|x86.ActiveCfg = Debug|Any CPU
		{9687230E-3CCE-4701-B929-3DB2E18A5A3A}.Debug|x86.Build.0 = Debug|Any CPU
		{9687230E-3CCE-4701-B929-3DB2E18A5A3A}.Release|Any CPU.ActiveCfg = Release|Any CPU
		{9687230E-3CCE-4701-B929-3DB2E18A5A3A}.Release|Any CPU.Build.0 = Release|Any CPU
		{9687230E-3CCE-4701-B929-3DB2E18A5A3A}.Release|x64.ActiveCfg = Release|Any CPU
		{9687230E-3CCE-4701-B929-3DB2E18A5A3A}.Release|x64.Build.0 = Release|Any CPU
		{9687230E-3CCE-4701-B929-3DB2E18A5A3A}.Release|x86.ActiveCfg = Release|Any CPU
		{9687230E-3CCE-4701-B929-3DB2E18A5A3A}.Release|x86.Build.0 = Release|Any CPU
		{8FC54785-A2E3-4D99-9C6B-401A950E7950}.Debug|Any CPU.ActiveCfg = Debug|Any CPU
		{8FC54785-A2E3-4D99-9C6B-401A950E7950}.Debug|Any CPU.Build.0 = Debug|Any CPU
		{8FC54785-A2E3-4D99-9C6B-401A950E7950}.Debug|x64.ActiveCfg = Debug|Any CPU
		{8FC54785-A2E3-4D99-9C6B-401A950E7950}.Debug|x64.Build.0 = Debug|Any CPU
		{8FC54785-A2E3-4D99-9C6B-401A950E7950}.Debug|x86.ActiveCfg = Debug|Any CPU
		{8FC54785-A2E3-4D99-9C6B-401A950E7950}.Debug|x86.Build.0 = Debug|Any CPU
		{8FC54785-A2E3-4D99-9C6B-401A950E7950}.Release|Any CPU.ActiveCfg = Release|Any CPU
		{8FC54785-A2E3-4D99-9C6B-401A950E7950}.Release|Any CPU.Build.0 = Release|Any CPU
		{8FC54785-A2E3-4D99-9C6B-401A950E7950}.Release|x64.ActiveCfg = Release|Any CPU
		{8FC54785-A2E3-4D99-9C6B-401A950E7950}.Release|x64.Build.0 = Release|Any CPU
		{8FC54785-A2E3-4D99-9C6B-401A950E7950}.Release|x86.ActiveCfg = Release|Any CPU
		{8FC54785-A2E3-4D99-9C6B-401A950E7950}.Release|x86.Build.0 = Release|Any CPU
	EndGlobalSection
	GlobalSection(SolutionProperties) = preSolution
		HideSolutionNode = FALSE
	EndGlobalSection
	GlobalSection(NestedProjects) = preSolution
		{1E50A861-5981-491B-A619-34CCED82C3D5} = {FAFE9EE8-02C4-4DAD-B638-7B5235B015EB}
		{43998905-9407-4A96-8A42-CCB80543ED61} = {FAFE9EE8-02C4-4DAD-B638-7B5235B015EB}
		{E37E0EFB-9B60-4523-9122-A89071EC52AD} = {FAFE9EE8-02C4-4DAD-B638-7B5235B015EB}
		{74762E1C-9C03-4EAB-BD9E-2785A6974FA1} = {FAFE9EE8-02C4-4DAD-B638-7B5235B015EB}
		{7CBC9035-8A2D-4CEE-855A-256B9D139077} = {FAFE9EE8-02C4-4DAD-B638-7B5235B015EB}
		{601D5917-686A-4313-9DFE-F0C82B0CA0BE} = {FAFE9EE8-02C4-4DAD-B638-7B5235B015EB}
		{710FB74D-151A-4576-B358-E1AB7C2C669D} = {FAFE9EE8-02C4-4DAD-B638-7B5235B015EB}
		{A6A93DED-7BB6-4D84-84C9-1EEEB7CA8F33} = {FAFE9EE8-02C4-4DAD-B638-7B5235B015EB}
		{7CB1A7F5-FE03-4FBC-A5FB-B0CD0055AA75} = {FAFE9EE8-02C4-4DAD-B638-7B5235B015EB}
		{63CD5923-7F2C-43AA-809B-5EFC2AE3D256} = {FAFE9EE8-02C4-4DAD-B638-7B5235B015EB}
	EndGlobalSection
	GlobalSection(ExtensibilityGlobals) = postSolution
		SolutionGuid = {D529C049-9F55-421C-90B5-BC689D80BA9B}
	EndGlobalSection
EndGlobal
